// !$*UTF8*$!
{
	archiveVersion = 1;
	classes = {
	};
	objectVersion = 46;
	objects = {

/* Begin PBXBuildFile section */
		61390AF718E1028500A1035A /* BurstParticle.sks in Resources */ = {isa = PBXBuildFile; fileRef = 61390AF518E1028500A1035A /* BurstParticle.sks */; };
		61390AF818E1028500A1035A /* spark.png in Resources */ = {isa = PBXBuildFile; fileRef = 61390AF618E1028500A1035A /* spark.png */; };
		61390AFC18E10F0C00A1035A /* explosion.wav in Resources */ = {isa = PBXBuildFile; fileRef = 61390AF918E10F0C00A1035A /* explosion.wav */; };
		61390AFD18E10F0C00A1035A /* gameOver.wav in Resources */ = {isa = PBXBuildFile; fileRef = 61390AFA18E10F0C00A1035A /* gameOver.wav */; };
		61390AFE18E10F0C00A1035A /* shoot.wav in Resources */ = {isa = PBXBuildFile; fileRef = 61390AFB18E10F0C00A1035A /* shoot.wav */; };
		61AEC4C618D3504A00EFE5C5 /* Foundation.framework in Frameworks */ = {isa = PBXBuildFile; fileRef = 61AEC4C518D3504A00EFE5C5 /* Foundation.framework */; };
		61AEC4C818D3504A00EFE5C5 /* CoreGraphics.framework in Frameworks */ = {isa = PBXBuildFile; fileRef = 61AEC4C718D3504A00EFE5C5 /* CoreGraphics.framework */; };
		61AEC4CA18D3504A00EFE5C5 /* UIKit.framework in Frameworks */ = {isa = PBXBuildFile; fileRef = 61AEC4C918D3504A00EFE5C5 /* UIKit.framework */; };
		61AEC4CC18D3504A00EFE5C5 /* SpriteKit.framework in Frameworks */ = {isa = PBXBuildFile; fileRef = 61AEC4CB18D3504A00EFE5C5 /* SpriteKit.framework */; };
		61AEC4D218D3504A00EFE5C5 /* InfoPlist.strings in Resources */ = {isa = PBXBuildFile; fileRef = 61AEC4D018D3504A00EFE5C5 /* InfoPlist.strings */; };
		61AEC4D418D3504A00EFE5C5 /* main.m in Sources */ = {isa = PBXBuildFile; fileRef = 61AEC4D318D3504A00EFE5C5 /* main.m */; };
		61AEC4D818D3504A00EFE5C5 /* ENDAppDelegate.m in Sources */ = {isa = PBXBuildFile; fileRef = 61AEC4D718D3504A00EFE5C5 /* ENDAppDelegate.m */; };
		61AEC4DB18D3504A00EFE5C5 /* Main.storyboard in Resources */ = {isa = PBXBuildFile; fileRef = 61AEC4D918D3504A00EFE5C5 /* Main.storyboard */; };
		61AEC4DE18D3504A00EFE5C5 /* ENDViewController.m in Sources */ = {isa = PBXBuildFile; fileRef = 61AEC4DD18D3504A00EFE5C5 /* ENDViewController.m */; };
		61AEC4E118D3504A00EFE5C5 /* ENDMyScene.m in Sources */ = {isa = PBXBuildFile; fileRef = 61AEC4E018D3504A00EFE5C5 /* ENDMyScene.m */; };
		61AEC4E518D3504A00EFE5C5 /* Images.xcassets in Resources */ = {isa = PBXBuildFile; fileRef = 61AEC4E418D3504A00EFE5C5 /* Images.xcassets */; };
		61AEC4EC18D3504A00EFE5C5 /* XCTest.framework in Frameworks */ = {isa = PBXBuildFile; fileRef = 61AEC4EB18D3504A00EFE5C5 /* XCTest.framework */; };
		61AEC4ED18D3504A00EFE5C5 /* Foundation.framework in Frameworks */ = {isa = PBXBuildFile; fileRef = 61AEC4C518D3504A00EFE5C5 /* Foundation.framework */; };
		61AEC4EE18D3504A00EFE5C5 /* UIKit.framework in Frameworks */ = {isa = PBXBuildFile; fileRef = 61AEC4C918D3504A00EFE5C5 /* UIKit.framework */; };
		61AEC4F618D3504A00EFE5C5 /* InfoPlist.strings in Resources */ = {isa = PBXBuildFile; fileRef = 61AEC4F418D3504A00EFE5C5 /* InfoPlist.strings */; };
		61AEC4F818D3504A00EFE5C5 /* SpriteKitSimpleGame2Tests.m in Sources */ = {isa = PBXBuildFile; fileRef = 61AEC4F718D3504A00EFE5C5 /* SpriteKitSimpleGame2Tests.m */; };
		61F60C4918E0AE9C00276240 /* ENDGameOverScene.m in Sources */ = {isa = PBXBuildFile; fileRef = 61F60C4818E0AE9C00276240 /* ENDGameOverScene.m */; };
		61F60C4E18E0BD1A00276240 /* enemy.png in Resources */ = {isa = PBXBuildFile; fileRef = 61F60C4A18E0BD1A00276240 /* enemy.png */; };
		61F60C4F18E0BD1A00276240 /* enemy@2x.png in Resources */ = {isa = PBXBuildFile; fileRef = 61F60C4B18E0BD1A00276240 /* enemy@2x.png */; };
		61F60C5018E0BD1A00276240 /* player.png in Resources */ = {isa = PBXBuildFile; fileRef = 61F60C4C18E0BD1A00276240 /* player.png */; };
		61F60C5118E0BD1A00276240 /* player@2x.png in Resources */ = {isa = PBXBuildFile; fileRef = 61F60C4D18E0BD1A00276240 /* player@2x.png */; };
		61FD073718DF317300F3D4B4 /* projectile.png in Resources */ = {isa = PBXBuildFile; fileRef = 61FD073118DF317300F3D4B4 /* projectile.png */; };
		61FD073818DF317300F3D4B4 /* projectile@2x.png in Resources */ = {isa = PBXBuildFile; fileRef = 61FD073218DF317300F3D4B4 /* projectile@2x.png */; };
/* End PBXBuildFile section */

/* Begin PBXContainerItemProxy section */
		61AEC4EF18D3504A00EFE5C5 /* PBXContainerItemProxy */ = {
			isa = PBXContainerItemProxy;
			containerPortal = 61AEC4BA18D3504A00EFE5C5 /* Project object */;
			proxyType = 1;
			remoteGlobalIDString = 61AEC4C118D3504A00EFE5C5;
			remoteInfo = SpriteKitSimpleGame2;
		};
/* End PBXContainerItemProxy section */

/* Begin PBXFileReference section */
		61390AF518E1028500A1035A /* BurstParticle.sks */ = {isa = PBXFileReference; lastKnownFileType = file.sks; name = BurstParticle.sks; path = ../BurstParticle.sks; sourceTree = "<group>"; };
		61390AF618E1028500A1035A /* spark.png */ = {isa = PBXFileReference; lastKnownFileType = image.png; name = spark.png; path = ../spark.png; sourceTree = "<group>"; };
		61390AF918E10F0C00A1035A /* explosion.wav */ = {isa = PBXFileReference; lastKnownFileType = audio.wav; path = explosion.wav; sourceTree = "<group>"; };
		61390AFA18E10F0C00A1035A /* gameOver.wav */ = {isa = PBXFileReference; lastKnownFileType = audio.wav; path = gameOver.wav; sourceTree = "<group>"; };
		61390AFB18E10F0C00A1035A /* shoot.wav */ = {isa = PBXFileReference; lastKnownFileType = audio.wav; path = shoot.wav; sourceTree = "<group>"; };
		61AEC4C218D3504A00EFE5C5 /* TriangleShooter.app */ = {isa = PBXFileReference; explicitFileType = wrapper.application; includeInIndex = 0; path = TriangleShooter.app; sourceTree = BUILT_PRODUCTS_DIR; };
		61AEC4C518D3504A00EFE5C5 /* Foundation.framework */ = {isa = PBXFileReference; lastKnownFileType = wrapper.framework; name = Foundation.framework; path = System/Library/Frameworks/Foundation.framework; sourceTree = SDKROOT; };
		61AEC4C718D3504A00EFE5C5 /* CoreGraphics.framework */ = {isa = PBXFileReference; lastKnownFileType = wrapper.framework; name = CoreGraphics.framework; path = System/Library/Frameworks/CoreGraphics.framework; sourceTree = SDKROOT; };
		61AEC4C918D3504A00EFE5C5 /* UIKit.framework */ = {isa = PBXFileReference; lastKnownFileType = wrapper.framework; name = UIKit.framework; path = System/Library/Frameworks/UIKit.framework; sourceTree = SDKROOT; };
		61AEC4CB18D3504A00EFE5C5 /* SpriteKit.framework */ = {isa = PBXFileReference; lastKnownFileType = wrapper.framework; name = SpriteKit.framework; path = System/Library/Frameworks/SpriteKit.framework; sourceTree = SDKROOT; };
		61AEC4CF18D3504A00EFE5C5 /* TriangleShooter-Info.plist */ = {isa = PBXFileReference; lastKnownFileType = text.plist.xml; path = "TriangleShooter-Info.plist"; sourceTree = "<group>"; };
		61AEC4D118D3504A00EFE5C5 /* en */ = {isa = PBXFileReference; lastKnownFileType = text.plist.strings; name = en; path = en.lproj/InfoPlist.strings; sourceTree = "<group>"; };
		61AEC4D318D3504A00EFE5C5 /* main.m */ = {isa = PBXFileReference; lastKnownFileType = sourcecode.c.objc; path = main.m; sourceTree = "<group>"; };
		61AEC4D518D3504A00EFE5C5 /* TriangleShooter-Prefix.pch */ = {isa = PBXFileReference; lastKnownFileType = sourcecode.c.h; path = "TriangleShooter-Prefix.pch"; sourceTree = "<group>"; };
		61AEC4D618D3504A00EFE5C5 /* ENDAppDelegate.h */ = {isa = PBXFileReference; lastKnownFileType = sourcecode.c.h; path = ENDAppDelegate.h; sourceTree = "<group>"; };
		61AEC4D718D3504A00EFE5C5 /* ENDAppDelegate.m */ = {isa = PBXFileReference; lastKnownFileType = sourcecode.c.objc; path = ENDAppDelegate.m; sourceTree = "<group>"; };
		61AEC4DA18D3504A00EFE5C5 /* Base */ = {isa = PBXFileReference; lastKnownFileType = file.storyboard; name = Base; path = Base.lproj/Main.storyboard; sourceTree = "<group>"; };
		61AEC4DC18D3504A00EFE5C5 /* ENDViewController.h */ = {isa = PBXFileReference; lastKnownFileType = sourcecode.c.h; path = ENDViewController.h; sourceTree = "<group>"; };
		61AEC4DD18D3504A00EFE5C5 /* ENDViewController.m */ = {isa = PBXFileReference; lastKnownFileType = sourcecode.c.objc; path = ENDViewController.m; sourceTree = "<group>"; };
		61AEC4DF18D3504A00EFE5C5 /* ENDMyScene.h */ = {isa = PBXFileReference; lastKnownFileType = sourcecode.c.h; path = ENDMyScene.h; sourceTree = "<group>"; };
		61AEC4E018D3504A00EFE5C5 /* ENDMyScene.m */ = {isa = PBXFileReference; lastKnownFileType = sourcecode.c.objc; path = ENDMyScene.m; sourceTree = "<group>"; };
		61AEC4E418D3504A00EFE5C5 /* Images.xcassets */ = {isa = PBXFileReference; lastKnownFileType = folder.assetcatalog; path = Images.xcassets; sourceTree = "<group>"; };
		61AEC4EA18D3504A00EFE5C5 /* TriangleShooterTests.xctest */ = {isa = PBXFileReference; explicitFileType = wrapper.cfbundle; includeInIndex = 0; path = TriangleShooterTests.xctest; sourceTree = BUILT_PRODUCTS_DIR; };
		61AEC4EB18D3504A00EFE5C5 /* XCTest.framework */ = {isa = PBXFileReference; lastKnownFileType = wrapper.framework; name = XCTest.framework; path = Library/Frameworks/XCTest.framework; sourceTree = DEVELOPER_DIR; };
		61AEC4F318D3504A00EFE5C5 /* TriangleShooterTests-Info.plist */ = {isa = PBXFileReference; lastKnownFileType = text.plist.xml; path = "TriangleShooterTests-Info.plist"; sourceTree = "<group>"; };
		61AEC4F518D3504A00EFE5C5 /* en */ = {isa = PBXFileReference; lastKnownFileType = text.plist.strings; name = en; path = en.lproj/InfoPlist.strings; sourceTree = "<group>"; };
		61AEC4F718D3504A00EFE5C5 /* SpriteKitSimpleGame2Tests.m */ = {isa = PBXFileReference; lastKnownFileType = sourcecode.c.objc; path = SpriteKitSimpleGame2Tests.m; sourceTree = "<group>"; };
		61F60C4718E0AE9C00276240 /* ENDGameOverScene.h */ = {isa = PBXFileReference; fileEncoding = 4; lastKnownFileType = sourcecode.c.h; path = ENDGameOverScene.h; sourceTree = "<group>"; };
		61F60C4818E0AE9C00276240 /* ENDGameOverScene.m */ = {isa = PBXFileReference; fileEncoding = 4; lastKnownFileType = sourcecode.c.objc; path = ENDGameOverScene.m; sourceTree = "<group>"; };
		61F60C4A18E0BD1A00276240 /* enemy.png */ = {isa = PBXFileReference; lastKnownFileType = image.png; path = enemy.png; sourceTree = "<group>"; };
		61F60C4B18E0BD1A00276240 /* enemy@2x.png */ = {isa = PBXFileReference; lastKnownFileType = image.png; path = "enemy@2x.png"; sourceTree = "<group>"; };
		61F60C4C18E0BD1A00276240 /* player.png */ = {isa = PBXFileReference; lastKnownFileType = image.png; path = player.png; sourceTree = "<group>"; };
		61F60C4D18E0BD1A00276240 /* player@2x.png */ = {isa = PBXFileReference; lastKnownFileType = image.png; path = "player@2x.png"; sourceTree = "<group>"; };
		61FD073118DF317300F3D4B4 /* projectile.png */ = {isa = PBXFileReference; lastKnownFileType = image.png; path = projectile.png; sourceTree = "<group>"; };
		61FD073218DF317300F3D4B4 /* projectile@2x.png */ = {isa = PBXFileReference; lastKnownFileType = image.png; path = "projectile@2x.png"; sourceTree = "<group>"; };
/* End PBXFileReference section */

/* Begin PBXFrameworksBuildPhase section */
		61AEC4BF18D3504A00EFE5C5 /* Frameworks */ = {
			isa = PBXFrameworksBuildPhase;
			buildActionMask = 2147483647;
			files = (
				61AEC4C818D3504A00EFE5C5 /* CoreGraphics.framework in Frameworks */,
				61AEC4CA18D3504A00EFE5C5 /* UIKit.framework in Frameworks */,
				61AEC4CC18D3504A00EFE5C5 /* SpriteKit.framework in Frameworks */,
				61AEC4C618D3504A00EFE5C5 /* Foundation.framework in Frameworks */,
			);
			runOnlyForDeploymentPostprocessing = 0;
		};
		61AEC4E718D3504A00EFE5C5 /* Frameworks */ = {
			isa = PBXFrameworksBuildPhase;
			buildActionMask = 2147483647;
			files = (
				61AEC4EC18D3504A00EFE5C5 /* XCTest.framework in Frameworks */,
				61AEC4EE18D3504A00EFE5C5 /* UIKit.framework in Frameworks */,
				61AEC4ED18D3504A00EFE5C5 /* Foundation.framework in Frameworks */,
			);
			runOnlyForDeploymentPostprocessing = 0;
		};
/* End PBXFrameworksBuildPhase section */

/* Begin PBXGroup section */
		61AEC4B918D3504A00EFE5C5 = {
			isa = PBXGroup;
			children = (
				61AEC4CD18D3504A00EFE5C5 /* SpriteKitSimpleGame2 */,
				61AEC4F118D3504A00EFE5C5 /* SpriteKitSimpleGame2Tests */,
				61AEC4C418D3504A00EFE5C5 /* Frameworks */,
				61AEC4C318D3504A00EFE5C5 /* Products */,
			);
			sourceTree = "<group>";
		};
		61AEC4C318D3504A00EFE5C5 /* Products */ = {
			isa = PBXGroup;
			children = (
				61AEC4C218D3504A00EFE5C5 /* TriangleShooter.app */,
				61AEC4EA18D3504A00EFE5C5 /* TriangleShooterTests.xctest */,
			);
			name = Products;
			sourceTree = "<group>";
		};
		61AEC4C418D3504A00EFE5C5 /* Frameworks */ = {
			isa = PBXGroup;
			children = (
				61AEC4C518D3504A00EFE5C5 /* Foundation.framework */,
				61AEC4C718D3504A00EFE5C5 /* CoreGraphics.framework */,
				61AEC4C918D3504A00EFE5C5 /* UIKit.framework */,
				61AEC4CB18D3504A00EFE5C5 /* SpriteKit.framework */,
				61AEC4EB18D3504A00EFE5C5 /* XCTest.framework */,
			);
			name = Frameworks;
			sourceTree = "<group>";
		};
		61AEC4CD18D3504A00EFE5C5 /* SpriteKitSimpleGame2 */ = {
			isa = PBXGroup;
			children = (
				61AEC4D618D3504A00EFE5C5 /* ENDAppDelegate.h */,
				61AEC4D718D3504A00EFE5C5 /* ENDAppDelegate.m */,
				61AEC4D918D3504A00EFE5C5 /* Main.storyboard */,
				61AEC4DC18D3504A00EFE5C5 /* ENDViewController.h */,
				61AEC4DD18D3504A00EFE5C5 /* ENDViewController.m */,
				61AEC4DF18D3504A00EFE5C5 /* ENDMyScene.h */,
				61AEC4E018D3504A00EFE5C5 /* ENDMyScene.m */,
				61F60C4718E0AE9C00276240 /* ENDGameOverScene.h */,
				61F60C4818E0AE9C00276240 /* ENDGameOverScene.m */,
				61F60C4A18E0BD1A00276240 /* enemy.png */,
				61F60C4B18E0BD1A00276240 /* enemy@2x.png */,
				61F60C4C18E0BD1A00276240 /* player.png */,
				61F60C4D18E0BD1A00276240 /* player@2x.png */,
				61FD073118DF317300F3D4B4 /* projectile.png */,
				61FD073218DF317300F3D4B4 /* projectile@2x.png */,
				61390AF518E1028500A1035A /* BurstParticle.sks */,
				61390AF618E1028500A1035A /* spark.png */,
				61AEC4E418D3504A00EFE5C5 /* Images.xcassets */,
				61390AF918E10F0C00A1035A /* explosion.wav */,
				61390AFA18E10F0C00A1035A /* gameOver.wav */,
				61390AFB18E10F0C00A1035A /* shoot.wav */,
				61AEC4CE18D3504A00EFE5C5 /* Supporting Files */,
			);
			path = SpriteKitSimpleGame2;
			sourceTree = "<group>";
		};
		61AEC4CE18D3504A00EFE5C5 /* Supporting Files */ = {
			isa = PBXGroup;
			children = (
				61AEC4CF18D3504A00EFE5C5 /* TriangleShooter-Info.plist */,
				61AEC4D018D3504A00EFE5C5 /* InfoPlist.strings */,
				61AEC4D318D3504A00EFE5C5 /* main.m */,
				61AEC4D518D3504A00EFE5C5 /* TriangleShooter-Prefix.pch */,
			);
			name = "Supporting Files";
			sourceTree = "<group>";
		};
		61AEC4F118D3504A00EFE5C5 /* SpriteKitSimpleGame2Tests */ = {
			isa = PBXGroup;
			children = (
				61AEC4F718D3504A00EFE5C5 /* SpriteKitSimpleGame2Tests.m */,
				61AEC4F218D3504A00EFE5C5 /* Supporting Files */,
			);
			path = SpriteKitSimpleGame2Tests;
			sourceTree = "<group>";
		};
		61AEC4F218D3504A00EFE5C5 /* Supporting Files */ = {
			isa = PBXGroup;
			children = (
				61AEC4F318D3504A00EFE5C5 /* TriangleShooterTests-Info.plist */,
				61AEC4F418D3504A00EFE5C5 /* InfoPlist.strings */,
			);
			name = "Supporting Files";
			sourceTree = "<group>";
		};
/* End PBXGroup section */

/* Begin PBXNativeTarget section */
		61AEC4C118D3504A00EFE5C5 /* TriangleShooter */ = {
			isa = PBXNativeTarget;
			buildConfigurationList = 61AEC4FB18D3504A00EFE5C5 /* Build configuration list for PBXNativeTarget "TriangleShooter" */;
			buildPhases = (
				61AEC4BE18D3504A00EFE5C5 /* Sources */,
				61AEC4BF18D3504A00EFE5C5 /* Frameworks */,
				61AEC4C018D3504A00EFE5C5 /* Resources */,
			);
			buildRules = (
			);
			dependencies = (
			);
			name = TriangleShooter;
			productName = SpriteKitSimpleGame2;
			productReference = 61AEC4C218D3504A00EFE5C5 /* TriangleShooter.app */;
			productType = "com.apple.product-type.application";
		};
		61AEC4E918D3504A00EFE5C5 /* TriangleShooterTests */ = {
			isa = PBXNativeTarget;
			buildConfigurationList = 61AEC4FE18D3504A00EFE5C5 /* Build configuration list for PBXNativeTarget "TriangleShooterTests" */;
			buildPhases = (
				61AEC4E618D3504A00EFE5C5 /* Sources */,
				61AEC4E718D3504A00EFE5C5 /* Frameworks */,
				61AEC4E818D3504A00EFE5C5 /* Resources */,
			);
			buildRules = (
			);
			dependencies = (
				61AEC4F018D3504A00EFE5C5 /* PBXTargetDependency */,
			);
			name = TriangleShooterTests;
			productName = SpriteKitSimpleGame2Tests;
			productReference = 61AEC4EA18D3504A00EFE5C5 /* TriangleShooterTests.xctest */;
			productType = "com.apple.product-type.bundle.unit-test";
		};
/* End PBXNativeTarget section */

/* Begin PBXProject section */
		61AEC4BA18D3504A00EFE5C5 /* Project object */ = {
			isa = PBXProject;
			attributes = {
				CLASSPREFIX = END;
				LastUpgradeCheck = 0510;
				ORGANIZATIONNAME = "Endre Johnsen";
				TargetAttributes = {
					61AEC4E918D3504A00EFE5C5 = {
						TestTargetID = 61AEC4C118D3504A00EFE5C5;
					};
				};
			};
			buildConfigurationList = 61AEC4BD18D3504A00EFE5C5 /* Build configuration list for PBXProject "TriangleShooter" */;
			compatibilityVersion = "Xcode 3.2";
			developmentRegion = English;
			hasScannedForEncodings = 0;
			knownRegions = (
				en,
				Base,
			);
			mainGroup = 61AEC4B918D3504A00EFE5C5;
			productRefGroup = 61AEC4C318D3504A00EFE5C5 /* Products */;
			projectDirPath = "";
			projectRoot = "";
			targets = (
				61AEC4C118D3504A00EFE5C5 /* TriangleShooter */,
				61AEC4E918D3504A00EFE5C5 /* TriangleShooterTests */,
			);
		};
/* End PBXProject section */

/* Begin PBXResourcesBuildPhase section */
		61AEC4C018D3504A00EFE5C5 /* Resources */ = {
			isa = PBXResourcesBuildPhase;
			buildActionMask = 2147483647;
			files = (
				61390AF818E1028500A1035A /* spark.png in Resources */,
				61AEC4D218D3504A00EFE5C5 /* InfoPlist.strings in Resources */,
				61390AFE18E10F0C00A1035A /* shoot.wav in Resources */,
				61390AFD18E10F0C00A1035A /* gameOver.wav in Resources */,
				61FD073718DF317300F3D4B4 /* projectile.png in Resources */,
				61F60C5018E0BD1A00276240 /* player.png in Resources */,
				61F60C4E18E0BD1A00276240 /* enemy.png in Resources */,
				61AEC4E518D3504A00EFE5C5 /* Images.xcassets in Resources */,
				61390AFC18E10F0C00A1035A /* explosion.wav in Resources */,
				61FD073818DF317300F3D4B4 /* projectile@2x.png in Resources */,
				61AEC4DB18D3504A00EFE5C5 /* Main.storyboard in Resources */,
				61390AF718E1028500A1035A /* BurstParticle.sks in Resources */,
				61F60C5118E0BD1A00276240 /* player@2x.png in Resources */,
				61F60C4F18E0BD1A00276240 /* enemy@2x.png in Resources */,
			);
			runOnlyForDeploymentPostprocessing = 0;
		};
		61AEC4E818D3504A00EFE5C5 /* Resources */ = {
			isa = PBXResourcesBuildPhase;
			buildActionMask = 2147483647;
			files = (
				61AEC4F618D3504A00EFE5C5 /* InfoPlist.strings in Resources */,
			);
			runOnlyForDeploymentPostprocessing = 0;
		};
/* End PBXResourcesBuildPhase section */

/* Begin PBXSourcesBuildPhase section */
		61AEC4BE18D3504A00EFE5C5 /* Sources */ = {
			isa = PBXSourcesBuildPhase;
			buildActionMask = 2147483647;
			files = (
				61F60C4918E0AE9C00276240 /* ENDGameOverScene.m in Sources */,
				61AEC4DE18D3504A00EFE5C5 /* ENDViewController.m in Sources */,
				61AEC4D818D3504A00EFE5C5 /* ENDAppDelegate.m in Sources */,
				61AEC4E118D3504A00EFE5C5 /* ENDMyScene.m in Sources */,
				61AEC4D418D3504A00EFE5C5 /* main.m in Sources */,
			);
			runOnlyForDeploymentPostprocessing = 0;
		};
		61AEC4E618D3504A00EFE5C5 /* Sources */ = {
			isa = PBXSourcesBuildPhase;
			buildActionMask = 2147483647;
			files = (
				61AEC4F818D3504A00EFE5C5 /* SpriteKitSimpleGame2Tests.m in Sources */,
			);
			runOnlyForDeploymentPostprocessing = 0;
		};
/* End PBXSourcesBuildPhase section */

/* Begin PBXTargetDependency section */
		61AEC4F018D3504A00EFE5C5 /* PBXTargetDependency */ = {
			isa = PBXTargetDependency;
			target = 61AEC4C118D3504A00EFE5C5 /* TriangleShooter */;
			targetProxy = 61AEC4EF18D3504A00EFE5C5 /* PBXContainerItemProxy */;
		};
/* End PBXTargetDependency section */

/* Begin PBXVariantGroup section */
		61AEC4D018D3504A00EFE5C5 /* InfoPlist.strings */ = {
			isa = PBXVariantGroup;
			children = (
				61AEC4D118D3504A00EFE5C5 /* en */,
			);
			name = InfoPlist.strings;
			sourceTree = "<group>";
		};
		61AEC4D918D3504A00EFE5C5 /* Main.storyboard */ = {
			isa = PBXVariantGroup;
			children = (
				61AEC4DA18D3504A00EFE5C5 /* Base */,
			);
			name = Main.storyboard;
			sourceTree = "<group>";
		};
		61AEC4F418D3504A00EFE5C5 /* InfoPlist.strings */ = {
			isa = PBXVariantGroup;
			children = (
				61AEC4F518D3504A00EFE5C5 /* en */,
			);
			name = InfoPlist.strings;
			sourceTree = "<group>";
		};
/* End PBXVariantGroup section */

/* Begin XCBuildConfiguration section */
		61AEC4F918D3504A00EFE5C5 /* Debug */ = {
			isa = XCBuildConfiguration;
			buildSettings = {
				ALWAYS_SEARCH_USER_PATHS = NO;
				CLANG_CXX_LANGUAGE_STANDARD = "gnu++0x";
				CLANG_CXX_LIBRARY = "libc++";
				CLANG_ENABLE_MODULES = YES;
				CLANG_ENABLE_OBJC_ARC = YES;
				CLANG_WARN_BOOL_CONVERSION = YES;
				CLANG_WARN_CONSTANT_CONVERSION = YES;
				CLANG_WARN_DIRECT_OBJC_ISA_USAGE = YES_ERROR;
				CLANG_WARN_EMPTY_BODY = YES;
				CLANG_WARN_ENUM_CONVERSION = YES;
				CLANG_WARN_INT_CONVERSION = YES;
				CLANG_WARN_OBJC_ROOT_CLASS = YES_ERROR;
				CLANG_WARN__DUPLICATE_METHOD_MATCH = YES;
				"CODE_SIGN_IDENTITY[sdk=iphoneos*]" = "iPhone Developer";
				COPY_PHASE_STRIP = NO;
				GCC_C_LANGUAGE_STANDARD = gnu99;
				GCC_DYNAMIC_NO_PIC = NO;
				GCC_OPTIMIZATION_LEVEL = 0;
				GCC_PREPROCESSOR_DEFINITIONS = (
					"DEBUG=1",
					"$(inherited)",
				);
				GCC_SYMBOLS_PRIVATE_EXTERN = NO;
				GCC_WARN_64_TO_32_BIT_CONVERSION = YES;
				GCC_WARN_ABOUT_RETURN_TYPE = YES_ERROR;
				GCC_WARN_UNDECLARED_SELECTOR = YES;
				GCC_WARN_UNINITIALIZED_AUTOS = YES_AGGRESSIVE;
				GCC_WARN_UNUSED_FUNCTION = YES;
				GCC_WARN_UNUSED_VARIABLE = YES;
				IPHONEOS_DEPLOYMENT_TARGET = 7.1;
				ONLY_ACTIVE_ARCH = YES;
				SDKROOT = iphoneos;
			};
			name = Debug;
		};
		61AEC4FA18D3504A00EFE5C5 /* Release */ = {
			isa = XCBuildConfiguration;
			buildSettings = {
				ALWAYS_SEARCH_USER_PATHS = NO;
				CLANG_CXX_LANGUAGE_STANDARD = "gnu++0x";
				CLANG_CXX_LIBRARY = "libc++";
				CLANG_ENABLE_MODULES = YES;
				CLANG_ENABLE_OBJC_ARC = YES;
				CLANG_WARN_BOOL_CONVERSION = YES;
				CLANG_WARN_CONSTANT_CONVERSION = YES;
				CLANG_WARN_DIRECT_OBJC_ISA_USAGE = YES_ERROR;
				CLANG_WARN_EMPTY_BODY = YES;
				CLANG_WARN_ENUM_CONVERSION = YES;
				CLANG_WARN_INT_CONVERSION = YES;
				CLANG_WARN_OBJC_ROOT_CLASS = YES_ERROR;
				CLANG_WARN__DUPLICATE_METHOD_MATCH = YES;
				"CODE_SIGN_IDENTITY[sdk=iphoneos*]" = "iPhone Developer";
				COPY_PHASE_STRIP = YES;
				ENABLE_NS_ASSERTIONS = NO;
				GCC_C_LANGUAGE_STANDARD = gnu99;
				GCC_WARN_64_TO_32_BIT_CONVERSION = YES;
				GCC_WARN_ABOUT_RETURN_TYPE = YES_ERROR;
				GCC_WARN_UNDECLARED_SELECTOR = YES;
				GCC_WARN_UNINITIALIZED_AUTOS = YES_AGGRESSIVE;
				GCC_WARN_UNUSED_FUNCTION = YES;
				GCC_WARN_UNUSED_VARIABLE = YES;
				IPHONEOS_DEPLOYMENT_TARGET = 7.1;
				SDKROOT = iphoneos;
				VALIDATE_PRODUCT = YES;
			};
			name = Release;
		};
		61AEC4FC18D3504A00EFE5C5 /* Debug */ = {
			isa = XCBuildConfiguration;
			buildSettings = {
				ASSETCATALOG_COMPILER_APPICON_NAME = AppIcon;
				ASSETCATALOG_COMPILER_LAUNCHIMAGE_NAME = LaunchImage;
				GCC_PRECOMPILE_PREFIX_HEADER = YES;
				GCC_PREFIX_HEADER = "SpriteKitSimpleGame2/TriangleShooter-Prefix.pch";
				INFOPLIST_FILE = "SpriteKitSimpleGame2/TriangleShooter-Info.plist";
				PRODUCT_NAME = TriangleShooter;
				SPRITEKIT_TEXTURE_ATLAS_OUTPUT = YES;
				WRAPPER_EXTENSION = app;
			};
			name = Debug;
		};
		61AEC4FD18D3504A00EFE5C5 /* Release */ = {
			isa = XCBuildConfiguration;
			buildSettings = {
				ASSETCATALOG_COMPILER_APPICON_NAME = AppIcon;
				ASSETCATALOG_COMPILER_LAUNCHIMAGE_NAME = LaunchImage;
				GCC_PRECOMPILE_PREFIX_HEADER = YES;
				GCC_PREFIX_HEADER = "SpriteKitSimpleGame2/TriangleShooter-Prefix.pch";
				INFOPLIST_FILE = "SpriteKitSimpleGame2/TriangleShooter-Info.plist";
				PRODUCT_NAME = TriangleShooter;
				SPRITEKIT_TEXTURE_ATLAS_OUTPUT = YES;
				WRAPPER_EXTENSION = app;
			};
			name = Release;
		};
		61AEC4FF18D3504A00EFE5C5 /* Debug */ = {
			isa = XCBuildConfiguration;
			buildSettings = {
				BUNDLE_LOADER = "$(BUILT_PRODUCTS_DIR)/SpriteKitSimpleGame2.app/SpriteKitSimpleGame2";
				FRAMEWORK_SEARCH_PATHS = (
					"$(SDKROOT)/Developer/Library/Frameworks",
					"$(inherited)",
					"$(DEVELOPER_FRAMEWORKS_DIR)",
				);
				GCC_PRECOMPILE_PREFIX_HEADER = YES;
				GCC_PREFIX_HEADER = "SpriteKitSimpleGame2/SpriteKitSimpleGame2-Prefix.pch";
				GCC_PREPROCESSOR_DEFINITIONS = (
					"DEBUG=1",
					"$(inherited)",
				);
				INFOPLIST_FILE = "SpriteKitSimpleGame2Tests/TriangleShooterTests-Info.plist";
				PRODUCT_NAME = TriangleShooterTests;
				TEST_HOST = "$(BUNDLE_LOADER)";
				WRAPPER_EXTENSION = xctest;
			};
			name = Debug;
		};
		61AEC50018D3504A00EFE5C5 /* Release */ = {
			isa = XCBuildConfiguration;
			buildSettings = {
				BUNDLE_LOADER = "$(BUILT_PRODUCTS_DIR)/SpriteKitSimpleGame2.app/SpriteKitSimpleGame2";
				FRAMEWORK_SEARCH_PATHS = (
					"$(SDKROOT)/Developer/Library/Frameworks",
					"$(inherited)",
					"$(DEVELOPER_FRAMEWORKS_DIR)",
				);
				GCC_PRECOMPILE_PREFIX_HEADER = YES;
				GCC_PREFIX_HEADER = "SpriteKitSimpleGame2/SpriteKitSimpleGame2-Prefix.pch";
				INFOPLIST_FILE = "SpriteKitSimpleGame2Tests/TriangleShooterTests-Info.plist";
				PRODUCT_NAME = TriangleShooterTests;
				TEST_HOST = "$(BUNDLE_LOADER)";
				WRAPPER_EXTENSION = xctest;
			};
			name = Release;
		};
/* End XCBuildConfiguration section */

/* Begin XCConfigurationList section */
		61AEC4BD18D3504A00EFE5C5 /* Build configuration list for PBXProject "TriangleShooter" */ = {
			isa = XCConfigurationList;
			buildConfigurations = (
				61AEC4F918D3504A00EFE5C5 /* Debug */,
				61AEC4FA18D3504A00EFE5C5 /* Release */,
			);
			defaultConfigurationIsVisible = 0;
			defaultConfigurationName = Release;
		};
		61AEC4FB18D3504A00EFE5C5 /* Build configuration list for PBXNativeTarget "TriangleShooter" */ = {
			isa = XCConfigurationList;
			buildConfigurations = (
				61AEC4FC18D3504A00EFE5C5 /* Debug */,
				61AEC4FD18D3504A00EFE5C5 /* Release */,
			);
			defaultConfigurationIsVisible = 0;
			defaultConfigurationName = Release;
		};
		61AEC4FE18D3504A00EFE5C5 /* Build configuration list for PBXNativeTarget "TriangleShooterTests" */ = {
			isa = XCConfigurationList;
			buildConfigurations = (
				61AEC4FF18D3504A00EFE5C5 /* Debug */,
				61AEC50018D3504A00EFE5C5 /* Release */,
			);
			defaultConfigurationIsVisible = 0;
			defaultConfigurationName = Release;
		};
/* End XCConfigurationList section */
	};
	rootObject = 61AEC4BA18D3504A00EFE5C5 /* Project object */;
}
